
Microsoft Visual Studio Solution File, Format Version 12.00
# Visual Studio Version 17
VisualStudioVersion = 17.7.34024.191
MinimumVisualStudioVersion = 10.0.40219.1
Project("{FAE04EC0-301F-11D3-BF4B-00C04F79EFBC}") = "SignalRChat", "SignalRChat\SignalRChat.csproj", "{13772413-8AD3-41B8-8D60-C1347B1076AB}"
EndProject
Global
	GlobalSection(SolutionConfigurationPlatforms) = preSolution
		Debug|Any CPU = Debug|Any CPU
		Release|Any CPU = Release|Any CPU
	EndGlobalSection
	GlobalSection(ProjectConfigurationPlatforms) = postSolution
		{13772413-8AD3-41B8-8D60-C1347B1076AB}.Debug|Any CPU.ActiveCfg = Debug|Any CPU
		{13772413-8AD3-41B8-8D60-C1347B1076AB}.Debug|Any CPU.Build.0 = Debug|Any CPU
		{13772413-8AD3-41B8-8D60-C1347B1076AB}.Release|Any CPU.ActiveCfg = Release|Any CPU
		{13772413-8AD3-41B8-8D60-C1347B1076AB}.Release|Any CPU.Build.0 = Release|Any CPU
	EndGlobalSection
	GlobalSection(SolutionProperties) = preSolution
		HideSolutionNode = FALSE
	EndGlobalSection
	GlobalSection(ExtensibilityGlobals) = postSolution
		SolutionGuid = {E27ACABB-D712-4592-87E7-C690444E133F}
	EndGlobalSection
EndGlobal
